
Microsoft Visual Studio Solution File, Format Version 12.00
# Visual Studio Version 16
VisualStudioVersion = 16.0.29709.97
MinimumVisualStudioVersion = 10.0.40219.1
Project("{FAE04EC0-301F-11D3-BF4B-00C04F79EFBC}") = "Vidly1", "Vidly1\Vidly1.csproj", "{2BAC288A-96AE-4416-8EC2-FF5F6FA64595}"
EndProject
Global
	GlobalSection(SolutionConfigurationPlatforms) = preSolution
		Debug|Any CPU = Debug|Any CPU
		Release|Any CPU = Release|Any CPU
	EndGlobalSection
	GlobalSection(ProjectConfigurationPlatforms) = postSolution
		{2BAC288A-96AE-4416-8EC2-FF5F6FA64595}.Debug|Any CPU.ActiveCfg = Debug|Any CPU
		{2BAC288A-96AE-4416-8EC2-FF5F6FA64595}.Debug|Any CPU.Build.0 = Debug|Any CPU
		{2BAC288A-96AE-4416-8EC2-FF5F6FA64595}.Release|Any CPU.ActiveCfg = Release|Any CPU
		{2BAC288A-96AE-4416-8EC2-FF5F6FA64595}.Release|Any CPU.Build.0 = Release|Any CPU
	EndGlobalSection
	GlobalSection(SolutionProperties) = preSolution
		HideSolutionNode = FALSE
	EndGlobalSection
	GlobalSection(ExtensibilityGlobals) = postSolution
		SolutionGuid = {E029B419-3725-416F-A311-5343C9774AC7}
	EndGlobalSection
EndGlobal
